
Microsoft Visual Studio Solution File, Format Version 12.00
# Visual Studio Version 17
VisualStudioVersion = 17.0.32014.148
MinimumVisualStudioVersion = 10.0.40219.1
Project("{FAE04EC0-301F-11D3-BF4B-00C04F79EFBC}") = "Wpf_QPets", "Wpf_QPets\Wpf_QPets.csproj", "{5480C9E4-B76A-469B-B17E-C50C0684DA64}"
EndProject
Global
	GlobalSection(SolutionConfigurationPlatforms) = preSolution
		Debug|Any CPU = Debug|Any CPU
		Release|Any CPU = Release|Any CPU
	EndGlobalSection
	GlobalSection(ProjectConfigurationPlatforms) = postSolution
		{5480C9E4-B76A-469B-B17E-C50C0684DA64}.Debug|Any CPU.ActiveCfg = Debug|Any CPU
		{5480C9E4-B76A-469B-B17E-C50C0684DA64}.Debug|Any CPU.Build.0 = Debug|Any CPU
		{5480C9E4-B76A-469B-B17E-C50C0684DA64}.Release|Any CPU.ActiveCfg = Release|Any CPU
		{5480C9E4-B76A-469B-B17E-C50C0684DA64}.Release|Any CPU.Build.0 = Release|Any CPU
	EndGlobalSection
	GlobalSection(SolutionProperties) = preSolution
		HideSolutionNode = FALSE
	EndGlobalSection
	GlobalSection(ExtensibilityGlobals) = postSolution
		SolutionGuid = {F7513725-0F1E-41AD-B976-5C7CA46027BC}
	EndGlobalSection
EndGlobal
